{
  "name": "pincode-validator",
  "version": "1.0.2",
  "lockfileVersion": 1,
  "requires": true,
  "dependencies": {
    "jsesc": {
      "version": "2.5.2",
      "resolved": "https://registry.npmjs.org/jsesc/-/jsesc-2.5.2.tgz",
      "integrity": "sha512-OYu7XEzjkCQ3C5Ps3QIZsQfNpqoJyZZA99wd9aWd05NCtC5pWOkShK2mkL6HXQR6/Cy2lbNdPlZBpuQHXE63gA==",
      "dev": true
    },
    "regenerate": {
      "version": "1.4.0",
      "resolved": "https://registry.npmjs.org/regenerate/-/regenerate-1.4.0.tgz",
      "integrity": "sha512-1G6jJVDWrt0rK99kBjvEtziZNCICAuvIPkSiUFIQxVP06RCVpq3dmDo2oi6ABpYaDYaTRr67BEhL8r1wgEZZKg==",
      "dev": true
    },
    "regexgen": {
      "version": "1.3.0",
      "resolved": "https://registry.npmjs.org/regexgen/-/regexgen-1.3.0.tgz",
      "integrity": "sha1-sCLzjlEgu0b9zTf6y5EWjxXm/no=",
      "dev": true,
      "requires": {
        "jsesc": "^2.3.0",
        "regenerate": "^1.3.2"
      }
    }
  }
}
